version = 1
revision = 3
requires-python = ">=3.12, <3.15"

[[package]]
name = "certifi"
version = "2026.4.22"
source = { registry = "https://pypi.org/simple" }
sdist = { url = "https://files.pythonhosted.org/packages/25/ee/6caf7a40c36a1220410afe15a1cc64993a1f864871f698c0f93acb72842a/certifi-2026.4.22.tar.gz", hash = "sha256:8d455352a37b71bf76a79caa83a3d6c25afee4a385d632127b6afb3963f1c580", size = 137077, upload-time = "2026-04-22T11:26:11.191Z" }
wheels = [
    { url = "https://files.pythonhosted.org/packages/22/30/7cd8fdcdfbc5b869528b079bfb76dcdf6056b1a2097a662e5e8c04f42965/certifi-2026.4.22-py3-none-any.whl", hash = "sha256:3cb2210c8f88ba2318d29b0388d1023c8492ff72ecdde4ebdaddbb13a31b1c4a", size = 135707, upload-time = "2026-04-22T11:26:09.372Z" },
]

[[package]]
name = "colorama"
version = "0.4.6"
source = { registry = "https://pypi.org/simple" }
sdist = { url = "https://files.pythonhosted.org/packages/d8/53/6f443c9a4a8358a93a6792e2acffb9d9d5cb0a5cfd8802644b7b1c9a02e4/colorama-0.4.6.tar.gz", hash = "sha256:08695f5cb7ed6e0531a20572697297273c47b8cae5a63ffc6d6ed5c201be6e44", size = 27697, upload-time = "2022-10-25T02:36:22.414Z" }
wheels = [
    { url = "https://files.pythonhosted.org/packages/d1/d6/3965ed04c63042e047cb6a3e6ed1a63a35087b6a609aa3a15ed8ac56c221/colorama-0.4.6-py2.py3-none-any.whl", hash = "sha256:4f1d9991f5acc0ca119f9d443620b77f9d6b33703e51011c16baf57afb285fc6", size = 25335, upload-time = "2022-10-25T02:36:20.889Z" },
]

[[package]]
name = "fastcrc"
version = "0.3.5"
source = { registry = "https://pypi.org/simple" }
sdist = { url = "https://files.pythonhosted.org/packages/2a/79/0afaff8ff928ce9990ca883998c4ea7a7f07f2dfea3ebd6d65ba2aadfd4e/fastcrc-0.3.5.tar.gz", hash = "sha256:3705cbad6b3f283a04256f97ae899404794395090ff5966eac79fe303c13e93e", size = 11979, upload-time = "2025-12-31T18:23:09.579Z" }
wheels = [
    { url = "https://files.pythonhosted.org/packages/f8/6e/d57d65fb5a36fcbf6d35f759172ebf18646c2abdc3ce5300d4b1c010337a/fastcrc-0.3.5-cp312-cp312-macosx_10_12_x86_64.whl", hash = "sha256:6d0a131010c608f46ad2ab1aea2b4ec2a01be90f18af8ff94b58ded7043d123e", size = 255680, upload-time = "2025-12-31T18:21:47.841Z" },
    { url = "https://files.pythonhosted.org/packages/69/35/56a568a74f35bbd0b6b4b983b39de06ba7a21bc0502545a63d9eca8004a3/fastcrc-0.3.5-cp312-cp312-macosx_11_0_arm64.whl", hash = "sha256:d3302c42d6356da9b0cad35e9cebff262c4542a5cdace98857a16bf7203166ed", size = 251091, upload-time = "2025-12-31T18:21:42.197Z" },
    { url = "https://files.pythonhosted.org/packages/27/bf/a7412fef1676e98ba07cb64b8a7b5b721a5b63f8fc6cccad215e52b4ac67/fastcrc-0.3.5-cp312-cp312-manylinux_2_17_aarch64.manylinux2014_aarch64.whl", hash = "sha256:8883e1ad3e530f9c97f41fbee35ae555876186475918fd42da5f78e6da674322", size = 282008, upload-time = "2025-12-31T18:19:48.897Z" },
    { url = "https://files.pythonhosted.org/packages/c2/e1/a70192cccd292a977998ff44150cf12680dc82b9f706df89f757903d275f/fastcrc-0.3.5-cp312-cp312-manylinux_2_17_armv7l.manylinux2014_armv7l.whl", hash = "sha256:15ada82abfc4d6e775b61d4591b42ce2c95994ab9139bc31ba2085ba05b32135", size = 290131, upload-time = "2025-12-31T18:20:06.695Z" },
    { url = "https://files.pythonhosted.org/packages/e2/16/5d1ac72c26494a7eb9ced6034bbdde1efbbbfbb1275c70e70748188e622b/fastcrc-0.3.5-cp312-cp312-manylinux_2_17_ppc64le.manylinux2014_ppc64le.whl", hash = "sha256:402c4663ecb5eb00d2ddb58407796cfb731f72e9e348f152809d6292c5229ba7", size = 407328, upload-time = "2025-12-31T18:20:26.344Z" },
    { url = "https://files.pythonhosted.org/packages/8f/6b/c54608230fede639d3d443cd6fd08cf53457fe347f13649112816d94fd66/fastcrc-0.3.5-cp312-cp312-manylinux_2_17_s390x.manylinux2014_s390x.whl", hash = "sha256:4270ff2603b6d5bdac43c92e317605cb921f605a05d383917222ada402ed0b8e", size = 307459, upload-time = "2025-12-31T18:21:03.396Z" },
    { url = "https://files.pythonhosted.org/packages/c3/37/379fae277f2b73d0703996c5b78e5ebdde1a346d8c4d5bb9a6fb2fa4df6b/fastcrc-0.3.5-cp312-cp312-manylinux_2_17_x86_64.manylinux2014_x86_64.whl", hash = "sha256:f9088dc6f0ff21535fd29ff4639ce5e7b5cb4666fe30040fbfe29614c46ef6c7", size = 286617, upload-time = "2025-12-31T18:21:32.338Z" },
    { url = "https://files.pythonhosted.org/packages/d4/25/e389d565cac63d620e9e501ee3b297b01144165eaef9fdd616fbfa1fdbd0/fastcrc-0.3.5-cp312-cp312-manylinux_2_31_riscv64.whl", hash = "sha256:4b5860aaf5e1114731b63e924be35179b570016ac3fcdd051265c5665c34efa9", size = 290784, upload-time = "2025-12-31T18:20:44.585Z" },
    { url = "https://files.pythonhosted.org/packages/64/f8/2857b9e0076d4d5838f9393e5d47624fe28b9c6f154697c8e420249f3c4e/fastcrc-0.3.5-cp312-cp312-manylinux_2_5_i686.manylinux1_i686.whl", hash = "sha256:4a69b53da8ffbfe60099555a9f38ebb05519ba76233caf0f866ac5943efd1df3", size = 299395, upload-time = "2025-12-31T18:21:21.254Z" },
    { url = "https://files.pythonhosted.org/packages/fb/60/e69d182d150f41ca8db07c0ba5d77d371ee52ebce13537d1d487a45980aa/fastcrc-0.3.5-cp312-cp312-musllinux_1_2_aarch64.whl", hash = "sha256:9a9d2b2afcfab28dbc9fa4aa516a4570524cb74d0aa734f0cf612bc9070c360d", size = 464295, upload-time = "2025-12-31T18:21:55.355Z" },
    { url = "https://files.pythonhosted.org/packages/45/20/60f3379f11f55e2bda0f46e660b1ae772f3031e751649474c9ba7ad5e52d/fastcrc-0.3.5-cp312-cp312-musllinux_1_2_armv7l.whl", hash = "sha256:c96dbf431f7214d22329650121a5f0c41377722833f255f2d926d7df0d4b1143", size = 560169, upload-time = "2025-12-31T18:22:15.081Z" },
    { url = "https://files.pythonhosted.org/packages/76/5c/8bd19ba855624aea12a6c2da5cef2cf3d12119c55acd048349583c218a7d/fastcrc-0.3.5-cp312-cp312-musllinux_1_2_i686.whl", hash = "sha256:186e3f5fdfa912b43cd9700dc6be5c5c126fe8e159eb65f0757a912e0db671d4", size = 518877, upload-time = "2025-12-31T18:22:33.91Z" },
    { url = "https://files.pythonhosted.org/packages/12/54/50b211283dc54f5af3517dee0b94797f04848c844a3765fd56a5aa899a0c/fastcrc-0.3.5-cp312-cp312-musllinux_1_2_x86_64.whl", hash = "sha256:4680abf2b254599d6d21bb58c1140e4a8142d951d94240c91cc30362c26c54c5", size = 489218, upload-time = "2025-12-31T18:22:52.785Z" },
    { url = "https://files.pythonhosted.org/packages/dd/af/b77460dbe826793fc65a39b4959efa677d12be6d6680cab6b24035b82da2/fastcrc-0.3.5-cp312-cp312-win_amd64.whl", hash = "sha256:aa8614b0340be45b280c2c4f0330a546c71a2167c4414625096254969750b17b", size = 146970, upload-time = "2025-12-31T18:23:14.477Z" },
    { url = "https://files.pythonhosted.org/packages/45/13/f13eb8e644f18c621d1003d1e34209759ed28ace2eb698809558f45f831e/fastcrc-0.3.5-cp313-cp313-macosx_10_12_x86_64.whl", hash = "sha256:846aca923cc96965f41a9ebb5c2a4172d948d67285b2e6f2af495fda55d2d624", size = 255919, upload-time = "2025-12-31T18:21:49.158Z" },
    { url = "https://files.pythonhosted.org/packages/3c/ab/72a8a7881f1ac1fd5ab8679fe29a57dbf0523d9c5ee9538da744d5e10d95/fastcrc-0.3.5-cp313-cp313-macosx_11_0_arm64.whl", hash = "sha256:fe5d56b33a68bc647242345484281e9df7818adb7c6f690393e318a413597872", size = 251366, upload-time = "2025-12-31T18:21:43.391Z" },
    { url = "https://files.pythonhosted.org/packages/a1/3a/605dda593c0e089b9eaf8a6b614fd3da174ecd746c7ea1212033f1ff897a/fastcrc-0.3.5-cp313-cp313-manylinux_2_17_aarch64.manylinux2014_aarch64.whl", hash = "sha256:953093ed390ad1601288d349a0f08a48562b6b547ee184c8396b88dff50a6a5f", size = 282465, upload-time = "2025-12-31T18:19:50.36Z" },
    { url = "https://files.pythonhosted.org/packages/e3/cb/f0bb9501c96471ec415319b342995d823a2c9482bcebff705fead1e23224/fastcrc-0.3.5-cp313-cp313-manylinux_2_17_armv7l.manylinux2014_armv7l.whl", hash = "sha256:50679ec92e0c668b76bb1b9f5d48f7341fecc593419a60cce245f05e3631be10", size = 290304, upload-time = "2025-12-31T18:20:08.4Z" },
    { url = "https://files.pythonhosted.org/packages/a4/6e/a59baef04c2e991e9a07494b585906aa23017d2262580c453cca29448270/fastcrc-0.3.5-cp313-cp313-manylinux_2_17_ppc64le.manylinux2014_ppc64le.whl", hash = "sha256:1d377bb515176d08167daa5784f37f0372280042bde0974d6cdcf0874ce33fdc", size = 409004, upload-time = "2025-12-31T18:20:27.895Z" },
    { url = "https://files.pythonhosted.org/packages/86/97/9931fbc57226a83a76ee31fd197e5fb39979cb02cd975a598ab9c9a4e13d/fastcrc-0.3.5-cp313-cp313-manylinux_2_17_s390x.manylinux2014_s390x.whl", hash = "sha256:89e6f4df265d4443c45329857ddee4b445546c39d839e107dc471ba9398cde1d", size = 307402, upload-time = "2025-12-31T18:21:05.107Z" },
    { url = "https://files.pythonhosted.org/packages/bc/2b/aea9bd3694fa323737cf6db7ac63a3fe21cc8987fe6d2b9f97531801688b/fastcrc-0.3.5-cp313-cp313-manylinux_2_17_x86_64.manylinux2014_x86_64.whl", hash = "sha256:f65d6210030a84ed3aaec0736e18908b2e499784c51f6ffd0d8f7d96de90eea1", size = 286802, upload-time = "2025-12-31T18:21:34.406Z" },
    { url = "https://files.pythonhosted.org/packages/15/03/6667737b2a24bd48a15bea1924bed3d7cd322813bc61f5ee3ea7632417fa/fastcrc-0.3.5-cp313-cp313-manylinux_2_31_riscv64.whl", hash = "sha256:a1be96b4090518cd6718c24a0f012f7f385fabbd255ce6a7b0d8ec025c9fb377", size = 291114, upload-time = "2025-12-31T18:20:45.99Z" },
    { url = "https://files.pythonhosted.org/packages/9f/ed/983934a2a56078a022e6f82f3fd6baf40d7e85871658590b57274179dc85/fastcrc-0.3.5-cp313-cp313-manylinux_2_5_i686.manylinux1_i686.whl", hash = "sha256:63cf91059d8ab4fdb8875296cff961f7e30af81d1263ba11de4feabea980f932", size = 299618, upload-time = "2025-12-31T18:21:22.499Z" },
    { url = "https://files.pythonhosted.org/packages/e4/22/59cfae39201db940a1f97bb0fd8f5508c7065394a19a77cd6c5d6cbf2f6b/fastcrc-0.3.5-cp313-cp313-musllinux_1_2_aarch64.whl", hash = "sha256:e5ad026ab9afe90effe55d2237d0357cc0edcfbb1b7cd7fa6c9c12b8649d30a9", size = 464682, upload-time = "2025-12-31T18:21:56.965Z" },
    { url = "https://files.pythonhosted.org/packages/d8/4c/b129f316ddcbf4bf1c0745b209a45a5f2bf5bfd4ccd528893d3d25ce53f6/fastcrc-0.3.5-cp313-cp313-musllinux_1_2_armv7l.whl", hash = "sha256:2e4e0f053f9c683d11dea4282f9e0a9c5f0299883a4dd83e36eb0da83716f4f9", size = 560357, upload-time = "2025-12-31T18:22:16.694Z" },
    { url = "https://files.pythonhosted.org/packages/10/d3/c7342e8a966fb3bff7672b5727e08c54e509a470e4f96623cc5c6ff8679c/fastcrc-0.3.5-cp313-cp313-musllinux_1_2_i686.whl", hash = "sha256:80fb2879c0e0bb1d20ea599e4033f48a50d3565550a484a4f3f020847d929569", size = 519044, upload-time = "2025-12-31T18:22:35.399Z" },
    { url = "https://files.pythonhosted.org/packages/02/b6/e65ba338709e49d205a612c69996b66af1bfd78e9c9278fffc0bea8613c3/fastcrc-0.3.5-cp313-cp313-musllinux_1_2_x86_64.whl", hash = "sha256:03ff342e97ff48f9f3c8aa12c48d87ed90b50b753d9cf65d2fecdb8a67cef20d", size = 489513, upload-time = "2025-12-31T18:22:54.496Z" },
    { url = "https://files.pythonhosted.org/packages/58/dd/a0338c32d8e404f32b26b6948d0b60cedc07e1fa76661c331931473ead71/fastcrc-0.3.5-cp313-cp313-win_amd64.whl", hash = "sha256:6d59f686f253478626b9befa4dfff723d7ae5509d2aa507a1bf26cfd4ec05ae4", size = 147181, upload-time = "2025-12-31T18:23:16.014Z" },
    { url = "https://files.pythonhosted.org/packages/59/39/1a656464fca9c32722b36065cbf3ae989da8783e0d012102ade5e968b385/fastcrc-0.3.5-cp313-cp313t-manylinux_2_17_aarch64.manylinux2014_aarch64.whl", hash = "sha256:f2b9f060e14b291e35783372afb87227c7f1dc29f876b76f06c39552103b6545", size = 282367, upload-time = "2025-12-31T18:19:51.761Z" },
    { url = "https://files.pythonhosted.org/packages/fa/35/d9efe66a001f989e84e3d1d196f9cc8764dcead87f43e9f22b3f1ea6d1e1/fastcrc-0.3.5-cp313-cp313t-manylinux_2_17_armv7l.manylinux2014_armv7l.whl", hash = "sha256:93e2761f46567334690c4becc8adcd33c3c8bd40c0f05b1a2b151265d57aff73", size = 289402, upload-time = "2025-12-31T18:20:09.854Z" },
    { url = "https://files.pythonhosted.org/packages/f2/ca/c10d7fc598528052463d892c4e71c01c00985cfdb86500da3550fb0b6e75/fastcrc-0.3.5-cp313-cp313t-manylinux_2_17_ppc64le.manylinux2014_ppc64le.whl", hash = "sha256:f07abfb775b6b7c4a55819847f9f9ddd6b710ebc5e822989860771f77a08bf9c", size = 408177, upload-time = "2025-12-31T18:20:29.344Z" },
    { url = "https://files.pythonhosted.org/packages/c5/72/59bbfe8c6bdb17eb86a43a958268da3fefe3d0da67496e3112dfb84f276a/fastcrc-0.3.5-cp313-cp313t-manylinux_2_17_s390x.manylinux2014_s390x.whl", hash = "sha256:a5c57c4f70c59f6adafa8b3ae8ac1f60da42a87479d6e0eea04dbaa3c00aca6e", size = 307543, upload-time = "2025-12-31T18:21:06.85Z" },
    { url = "https://files.pythonhosted.org/packages/54/74/904760e09f5768ecbf25da8fddf57fb4fb1599b92780294f7e6172e2a398/fastcrc-0.3.5-cp313-cp313t-manylinux_2_31_riscv64.whl", hash = "sha256:03f50409fbcb118e66739012a7debcfd55dd409d6d87c32986080efdf0a70144", size = 290841, upload-time = "2025-12-31T18:20:47.685Z" },
    { url = "https://files.pythonhosted.org/packages/d0/bd/340e3d9525d442189883fce613134a5acf167d7f3e48d95036f1e0c9a2dc/fastcrc-0.3.5-cp313-cp313t-musllinux_1_2_aarch64.whl", hash = "sha256:89e6247432e481c420daeb670751a496680484c0c6f69e2198522d6f0f6a5b3a", size = 464580, upload-time = "2025-12-31T18:21:58.673Z" },
    { url = "https://files.pythonhosted.org/packages/4c/97/e2a90908069c89ea41b1cf7ae956fb77219d293ebe62cca32d6c2a077c16/fastcrc-0.3.5-cp313-cp313t-musllinux_1_2_armv7l.whl", hash = "sha256:9d40dcef226068888898c30ef4005c22e697360685d7e40945365bee63e15d26", size = 559567, upload-time = "2025-12-31T18:22:18.133Z" },
    { url = "https://files.pythonhosted.org/packages/91/93/b8652fabe301faf050cd19d2f6ae655a61f743687fb8dfc8e614fbf9c493/fastcrc-0.3.5-cp313-cp313t-musllinux_1_2_i686.whl", hash = "sha256:edabc8ee13f7581e3fb42344999a35a6a253cb65ac019969dc38aa45dac32ee8", size = 518538, upload-time = "2025-12-31T18:22:36.82Z" },
    { url = "https://files.pythonhosted.org/packages/98/c9/585216c6a93b398b3c911653eacaf05c5dc731db39b55f99415025af90bc/fastcrc-0.3.5-cp313-cp313t-musllinux_1_2_x86_64.whl", hash = "sha256:430ae0104f9eafe893f232e81834144ba31041bcc63a3eb379d22d0978c6e926", size = 489898, upload-time = "2025-12-31T18:22:55.903Z" },
    { url = "https://files.pythonhosted.org/packages/57/aa/845d6257bac319b9c1fe16648f2e3d0efa1bbbaf8a5b7b4977851d8102ae/fastcrc-0.3.5-cp314-cp314-macosx_10_12_x86_64.whl", hash = "sha256:b6507652630bc1076f57fe56f265634df21f811d6882a2723be854c58664318c", size = 255565, upload-time = "2025-12-31T18:21:50.502Z" },
    { url = "https://files.pythonhosted.org/packages/f7/66/f67a5e6bf89fa7de858fd055b5a69f00029c16cabf5dcf9bc750db120257/fastcrc-0.3.5-cp314-cp314-macosx_11_0_arm64.whl", hash = "sha256:0a4c39b9c4a8a37f2fb0a255e3b63b640a5426c0daf3d790399ea85aaabad7f6", size = 251112, upload-time = "2025-12-31T18:21:44.753Z" },
    { url = "https://files.pythonhosted.org/packages/74/a1/c7568f21ad284e68faed0093ccb68bb5d5b248bd08f6241dedfe69ff000b/fastcrc-0.3.5-cp314-cp314-manylinux_2_17_aarch64.manylinux2014_aarch64.whl", hash = "sha256:5d0621722fc4c17bdd7e772fb3fb5384d7c985bb1c8f66256a1dba374e2d12a5", size = 282301, upload-time = "2025-12-31T18:19:53.016Z" },
    { url = "https://files.pythonhosted.org/packages/35/57/da0342f2702e6b50b4d4e5befb2fcd127e82762fe30925b9160eed2184a1/fastcrc-0.3.5-cp314-cp314-manylinux_2_17_armv7l.manylinux2014_armv7l.whl", hash = "sha256:648d63f41da1216ef1143573fef35ad2eb34913496ccec58138c2619b10ea469", size = 289811, upload-time = "2025-12-31T18:20:11.584Z" },
    { url = "https://files.pythonhosted.org/packages/7d/d6/94e24eb87bb02546b2b809a8c05034e1e90df3179a44260451e640533a9c/fastcrc-0.3.5-cp314-cp314-manylinux_2_17_ppc64le.manylinux2014_ppc64le.whl", hash = "sha256:2be6196f5c4a40b7fca04ef0cc176aa30ac2e19206f362b953fe0db00ea76080", size = 406010, upload-time = "2025-12-31T18:20:30.67Z" },
    { url = "https://files.pythonhosted.org/packages/5f/3c/c4d71a07bcba4761db0c8ab70b4cb2d1fbd803f72d97e8cde188bd1cb658/fastcrc-0.3.5-cp314-cp314-manylinux_2_17_s390x.manylinux2014_s390x.whl", hash = "sha256:2c70e985afa6ec16eebaeb0f3d6bfacb46826636f59853f1169e2eb2a336a2c5", size = 307190, upload-time = "2025-12-31T18:21:08.204Z" },
    { url = "https://files.pythonhosted.org/packages/38/7b/bba64d12b0c22d839ddb8cfafae49bb332ae925e839fff2b7752bb20d8dc/fastcrc-0.3.5-cp314-cp314-manylinux_2_17_x86_64.manylinux2014_x86_64.whl", hash = "sha256:562820b556d9d2070948a89cb76c34d6ec777bbcd3f70bdb89638a16b6072964", size = 286376, upload-time = "2025-12-31T18:21:35.986Z" },
    { url = "https://files.pythonhosted.org/packages/ae/f4/4fab9f16bb9e6eb6d0c74f913691c25c6f332761c255edd5f3e22a57bd65/fastcrc-0.3.5-cp314-cp314-manylinux_2_31_riscv64.whl", hash = "sha256:99a333fa78aa32f2a024528828cfad71aa39533f210d121ec3962e70542d857b", size = 290450, upload-time = "2025-12-31T18:20:49.2Z" },
    { url = "https://files.pythonhosted.org/packages/41/2c/d4e4072c39f40c8a8550499722ab2539d1de1f30feb97f637d48d33325c7/fastcrc-0.3.5-cp314-cp314-manylinux_2_5_i686.manylinux1_i686.whl", hash = "sha256:1d752dc2285dc446fdf8e3d6e349a3428f46f7b8f059842bdabbb989332d1f3e", size = 299070, upload-time = "2025-12-31T18:21:23.761Z" },
    { url = "https://files.pythonhosted.org/packages/0d/37/12fe830bdfe3b39367645d5b2f8fb2359dc46e67346e91fdd7b9253ad501/fastcrc-0.3.5-cp314-cp314-musllinux_1_2_aarch64.whl", hash = "sha256:c996c9273c4d3b4c2902852a51b7142bd14a6c750f84bec47778225f7f8952c3", size = 464591, upload-time = "2025-12-31T18:22:00.931Z" },
    { url = "https://files.pythonhosted.org/packages/c3/95/edda45991f71b1ec6022c1649397c1b3d82d45cf3c6323684f9a97a4a9ce/fastcrc-0.3.5-cp314-cp314-musllinux_1_2_armv7l.whl", hash = "sha256:d595809fd266b037c22a22c2d72375c3f572d89200827ecaaa7c002b015b8a2e", size = 559904, upload-time = "2025-12-31T18:22:19.778Z" },
    { url = "https://files.pythonhosted.org/packages/1d/d8/aaeb37ebc079ad945dd3aca3fae0f358d5c05af760305e6b6fef63d1c4c7/fastcrc-0.3.5-cp314-cp314-musllinux_1_2_i686.whl", hash = "sha256:c6ee18383827caee641d22f60be89e0a0220c1d5a00c5e8cbb744aac1d5bc876", size = 518525, upload-time = "2025-12-31T18:22:38.392Z" },
    { url = "https://files.pythonhosted.org/packages/0d/b5/7479aadffc83bb152884f65c8d543e61d2e95592d4ed1e902019fe5b80f2/fastcrc-0.3.5-cp314-cp314-musllinux_1_2_x86_64.whl", hash = "sha256:276591e6828cd4dba70cdfc16450607d742c78119d46060a6cf90ef006a13c71", size = 489362, upload-time = "2025-12-31T18:22:57.322Z" },
    { url = "https://files.pythonhosted.org/packages/6d/4f/4c3af4d4410aff8eef2077425406ddb20ccd3eb8b0fb5d6b6bd5fd2510a3/fastcrc-0.3.5-cp314-cp314-win32.whl", hash = "sha256:08ade4c88109a21ad098b99a9dc51bb3b689f9079828b5e390373414d0868828", size = 139114, upload-time = "2025-12-31T18:23:19.462Z" },
    { url = "https://files.pythonhosted.org/packages/dc/81/c2564781aeb0c7ae8a6554329b2f05b8a84a2376d2c0ba170ed44ddcc78c/fastcrc-0.3.5-cp314-cp314-win_amd64.whl", hash = "sha256:01565a368ce5fe8a8578992601575313027fb16f55cf3e62c339ae89ccd6ccd2", size = 147063, upload-time = "2025-12-31T18:23:17.152Z" },
    { url = "https://files.pythonhosted.org/packages/33/79/277500a3ac37b3adf2b1c7ab59ddb72587104b7edb5d1a44f9b0a5af4704/fastcrc-0.3.5-cp314-cp314t-manylinux_2_17_aarch64.manylinux2014_aarch64.whl", hash = "sha256:d169f76f8f6330ef4741eadda4cba8f0254c3ec472ed80ebb98d35fc50227d7c", size = 281969, upload-time = "2025-12-31T18:19:54.201Z" },
    { url = "https://files.pythonhosted.org/packages/08/d3/fe850eaf2e4b9be41fa4ae76c4d02bdf809a382d0d7b63cf71d84b47ecca/fastcrc-0.3.5-cp314-cp314t-manylinux_2_17_armv7l.manylinux2014_armv7l.whl", hash = "sha256:d45e1940d5439f2f6fa1f8f1e4202861fb77335c7432f3fc197960af0c6f335d", size = 289745, upload-time = "2025-12-31T18:20:13.831Z" },
    { url = "https://files.pythonhosted.org/packages/f9/7e/ec4f384a15a95bbad15e359d9d63294c4842eee08f5c576ee22ff3c45035/fastcrc-0.3.5-cp314-cp314t-manylinux_2_17_ppc64le.manylinux2014_ppc64le.whl", hash = "sha256:c8527fded11884789b0ecb9b7d93d9093e38dbfc47d4daefa948447e2397d10b", size = 407620, upload-time = "2025-12-31T18:20:31.987Z" },
    { url = "https://files.pythonhosted.org/packages/98/b8/feb49bf3a2539df193481915653da52a442395c35ffeaf1deb0a649bae87/fastcrc-0.3.5-cp314-cp314t-manylinux_2_17_s390x.manylinux2014_s390x.whl", hash = "sha256:6530a28d45ca0754bbeca3a820ae0cce3ded7f3428ed67b587d3ac8ea45fc4aa", size = 307050, upload-time = "2025-12-31T18:21:09.566Z" },
    { url = "https://files.pythonhosted.org/packages/3c/00/93fe977525ccb06a491490f53042b3682f15e626263917e3e94cd66d877a/fastcrc-0.3.5-cp314-cp314t-manylinux_2_31_riscv64.whl", hash = "sha256:4f1229f339b32987e4ad35ae500564a782ce4e62f260150928c0233f32bb6e83", size = 290287, upload-time = "2025-12-31T18:20:50.443Z" },
    { url = "https://files.pythonhosted.org/packages/d7/e5/0b6ae9ca6cc8ae599ca298e8a42d96febbc69b52d285464bb994f0a682ff/fastcrc-0.3.5-cp314-cp314t-musllinux_1_2_aarch64.whl", hash = "sha256:7d7a56aa52c40d4293230d2751f136346d6a2b392fa2a38fe342754a6d9c238e", size = 464193, upload-time = "2025-12-31T18:22:02.338Z" },
    { url = "https://files.pythonhosted.org/packages/4a/97/7d4ed6342b244c30b81daabaa6eac591426e216455205e5c85b8566fcd19/fastcrc-0.3.5-cp314-cp314t-musllinux_1_2_armv7l.whl", hash = "sha256:5816694e6aac595cca7a4331c503ed00a22889e0f97a0fa82779ed27316c90ee", size = 559728, upload-time = "2025-12-31T18:22:21.143Z" },
    { url = "https://files.pythonhosted.org/packages/eb/4e/b9cac563d0692345bc9e6dfdc7db92695dd1b3b431ac8fe61ec1dbd6d637/fastcrc-0.3.5-cp314-cp314t-musllinux_1_2_i686.whl", hash = "sha256:b598bb000c4290e1eb847ae20a1e07f4ad064d364c2471864fa4c8ccca0f22f6", size = 518422, upload-time = "2025-12-31T18:22:39.747Z" },
    { url = "https://files.pythonhosted.org/packages/a3/58/ef3751447b173ae84d046f90a7dac869b9ff4e11639694f60d8c04f784ea/fastcrc-0.3.5-cp314-cp314t-musllinux_1_2_x86_64.whl", hash = "sha256:56d564c7ec3dc8116c291963834f0925b4a32df1ea53d239fd470fcdde6b80e4", size = 488965, upload-time = "2025-12-31T18:22:59.006Z" },
]

[[package]]
name = "markdown-it-py"
version = "4.0.0"
source = { registry = "https://pypi.org/simple" }
dependencies = [
    { name = "mdurl" },
]
sdist = { url = "https://files.pythonhosted.org/packages/5b/f5/4ec618ed16cc4f8fb3b701563655a69816155e79e24a17b651541804721d/markdown_it_py-4.0.0.tar.gz", hash = "sha256:cb0a2b4aa34f932c007117b194e945bd74e0ec24133ceb5bac59009cda1cb9f3", size = 73070, upload-time = "2025-08-11T12:57:52.854Z" }
wheels = [
    { url = "https://files.pythonhosted.org/packages/94/54/e7d793b573f298e1c9013b8c4dade17d481164aa517d1d7148619c2cedbf/markdown_it_py-4.0.0-py3-none-any.whl", hash = "sha256:87327c59b172c5011896038353a81343b6754500a08cd7a4973bb48c6d578147", size = 87321, upload-time = "2025-08-11T12:57:51.923Z" },
]

[[package]]
name = "mdurl"
version = "0.1.2"
source = { registry = "https://pypi.org/simple" }
sdist = { url = "https://files.pythonhosted.org/packages/d6/54/cfe61301667036ec958cb99bd3efefba235e65cdeb9c84d24a8293ba1d90/mdurl-0.1.2.tar.gz", hash = "sha256:bb413d29f5eea38f31dd4754dd7377d4465116fb207585f97bf925588687c1ba", size = 8729, upload-time = "2022-08-14T12:40:10.846Z" }
wheels = [
    { url = "https://files.pythonhosted.org/packages/b3/38/89ba8ad64ae25be8de66a6d463314cf1eb366222074cfda9ee839c56a4b4/mdurl-0.1.2-py3-none-any.whl", hash = "sha256:84008a41e51615a49fc9966191ff91509e3c40b939176e643fd50a5c2196b8f8", size = 9979, upload-time = "2022-08-14T12:40:09.779Z" },
]

[[package]]
name = "packaging"
version = "26.2"
source = { registry = "https://pypi.org/simple" }
sdist = { url = "https://files.pythonhosted.org/packages/d7/f1/e7a6dd94a8d4a5626c03e4e99c87f241ba9e350cd9e6d75123f992427270/packaging-26.2.tar.gz", hash = "sha256:ff452ff5a3e828ce110190feff1178bb1f2ea2281fa2075aadb987c2fb221661", size = 228134, upload-time = "2026-04-24T20:15:23.917Z" }
wheels = [
    { url = "https://files.pythonhosted.org/packages/df/b2/87e62e8c3e2f4b32e5fe99e0b86d576da1312593b39f47d8ceef365e95ed/packaging-26.2-py3-none-any.whl", hash = "sha256:5fc45236b9446107ff2415ce77c807cee2862cb6fac22b8a73826d0693b0980e", size = 100195, upload-time = "2026-04-24T20:15:22.081Z" },
]

[[package]]
name = "pygments"
version = "2.20.0"
source = { registry = "https://pypi.org/simple" }
sdist = { url = "https://files.pythonhosted.org/packages/c3/b2/bc9c9196916376152d655522fdcebac55e66de6603a76a02bca1b6414f6c/pygments-2.20.0.tar.gz", hash = "sha256:6757cd03768053ff99f3039c1a36d6c0aa0b263438fcab17520b30a303a82b5f", size = 4955991, upload-time = "2026-03-29T13:29:33.898Z" }
wheels = [
    { url = "https://files.pythonhosted.org/packages/f4/7e/a72dd26f3b0f4f2bf1dd8923c85f7ceb43172af56d63c7383eb62b332364/pygments-2.20.0-py3-none-any.whl", hash = "sha256:81a9e26dd42fd28a23a2d169d86d7ac03b46e2f8b59ed4698fb4785f946d0176", size = 1231151, upload-time = "2026-03-29T13:29:30.038Z" },
]

[[package]]
name = "pyudev"
version = "0.24.4"
source = { registry = "https://pypi.org/simple" }
sdist = { url = "https://files.pythonhosted.org/packages/5e/1d/8bdbf651de1002e8b58fbe817bee22b1e8bfcdd24341d42c3238ce9a75f4/pyudev-0.24.4.tar.gz", hash = "sha256:e788bb983700b1a84efc2e88862b0a51af2a995d5b86bc9997546505cf7b36bc", size = 56135, upload-time = "2025-10-08T17:26:58.661Z" }
wheels = [
    { url = "https://files.pythonhosted.org/packages/2a/51/3dc0cd6498b24dea3cdeaed648568e3ca7454d41334d840b114156d7479f/pyudev-0.24.4-py3-none-any.whl", hash = "sha256:b3b6b01c68e6fc628428cc45ff3fe6c277afbb5d96507f14473ddb4a6b959e00", size = 62784, upload-time = "2025-10-08T17:26:57.664Z" },
]

[[package]]
name = "pyusb"
version = "1.3.1"
source = { registry = "https://pypi.org/simple" }
sdist = { url = "https://files.pythonhosted.org/packages/00/6b/ce3727395e52b7b76dfcf0c665e37d223b680b9becc60710d4bc08b7b7cb/pyusb-1.3.1.tar.gz", hash = "sha256:3af070b607467c1c164f49d5b0caabe8ac78dbed9298d703a8dbf9df4052d17e", size = 77281, upload-time = "2025-01-08T23:45:01.866Z" }
wheels = [
    { url = "https://files.pythonhosted.org/packages/28/b8/27e6312e86408a44fe16bd28ee12dd98608b39f7e7e57884a24e8f29b573/pyusb-1.3.1-py3-none-any.whl", hash = "sha256:bf9b754557af4717fe80c2b07cc2b923a9151f5c08d17bdb5345dac09d6a0430", size = 58465, upload-time = "2025-01-08T23:45:00.029Z" },
]

[[package]]
name = "rich"
version = "15.0.0"
source = { registry = "https://pypi.org/simple" }
dependencies = [
    { name = "markdown-it-py" },
    { name = "pygments" },
]
sdist = { url = "https://files.pythonhosted.org/packages/c0/8f/0722ca900cc807c13a6a0c696dacf35430f72e0ec571c4275d2371fca3e9/rich-15.0.0.tar.gz", hash = "sha256:edd07a4824c6b40189fb7ac9bc4c52536e9780fbbfbddf6f1e2502c31b068c36", size = 230680, upload-time = "2026-04-12T08:24:00.75Z" }
wheels = [
    { url = "https://files.pythonhosted.org/packages/82/3b/64d4899d73f91ba49a8c18a8ff3f0ea8f1c1d75481760df8c68ef5235bf5/rich-15.0.0-py3-none-any.whl", hash = "sha256:33bd4ef74232fb73fe9279a257718407f169c09b78a87ad3d296f548e27de0bb", size = 310654, upload-time = "2026-04-12T08:24:02.83Z" },
]

[[package]]
name = "smhub-flasher"
source = { editable = "." }
dependencies = [
    { name = "certifi", marker = "sys_platform == 'darwin'" },
    { name = "fastcrc" },
    { name = "packaging" },
    { name = "pyudev", marker = "sys_platform == 'linux'" },
    { name = "pyusb" },
    { name = "rich" },
    { name = "tqdm" },
]

[package.metadata]
requires-dist = [
    { name = "certifi", marker = "sys_platform == 'darwin'", specifier = ">=2024.0.0" },
    { name = "fastcrc", specifier = ">=0.3.0" },
    { name = "packaging", specifier = ">=26.2" },
    { name = "pyudev", marker = "sys_platform == 'linux'", specifier = ">=0.24.0" },
    { name = "pyusb", specifier = ">=1.2.1" },
    { name = "rich", specifier = ">=15.0.0" },
    { name = "tqdm", specifier = ">=4.66.0" },
]

[[package]]
name = "tqdm"
version = "4.67.3"
source = { registry = "https://pypi.org/simple" }
dependencies = [
    { name = "colorama", marker = "sys_platform == 'win32'" },
]
sdist = { url = "https://files.pythonhosted.org/packages/09/a9/6ba95a270c6f1fbcd8dac228323f2777d886cb206987444e4bce66338dd4/tqdm-4.67.3.tar.gz", hash = "sha256:7d825f03f89244ef73f1d4ce193cb1774a8179fd96f31d7e1dcde62092b960bb", size = 169598, upload-time = "2026-02-03T17:35:53.048Z" }
wheels = [
    { url = "https://files.pythonhosted.org/packages/16/e1/3079a9ff9b8e11b846c6ac5c8b5bfb7ff225eee721825310c91b3b50304f/tqdm-4.67.3-py3-none-any.whl", hash = "sha256:ee1e4c0e59148062281c49d80b25b67771a127c85fc9676d3be5f243206826bf", size = 78374, upload-time = "2026-02-03T17:35:50.982Z" },
]
